
Microsoft Visual Studio Solution File, Format Version 12.00
# Visual Studio Version 17
VisualStudioVersion = 17.7.34221.43
MinimumVisualStudioVersion = 10.0.40219.1
Project("{FAE04EC0-301F-11D3-BF4B-00C04F79EFBC}") = "WebApi", "WebApi.csproj", "{5B37C8D1-19BE-4072-ADFB-F529105FC789}"
EndProject
Global
	GlobalSection(SolutionConfigurationPlatforms) = preSolution
		Debug|Any CPU = Debug|Any CPU
		Release|Any CPU = Release|Any CPU
	EndGlobalSection
	GlobalSection(ProjectConfigurationPlatforms) = postSolution
		{5B37C8D1-19BE-4072-ADFB-F529105FC789}.Debug|Any CPU.ActiveCfg = Debug|Any CPU
		{5B37C8D1-19BE-4072-ADFB-F529105FC789}.Debug|Any CPU.Build.0 = Debug|Any CPU
		{5B37C8D1-19BE-4072-ADFB-F529105FC789}.Release|Any CPU.ActiveCfg = Release|Any CPU
		{5B37C8D1-19BE-4072-ADFB-F529105FC789}.Release|Any CPU.Build.0 = Release|Any CPU
	EndGlobalSection
	GlobalSection(SolutionProperties) = preSolution
		HideSolutionNode = FALSE
	EndGlobalSection
	GlobalSection(ExtensibilityGlobals) = postSolution
		SolutionGuid = {AFD5F20C-C07F-42B8-BD49-4ABF9E516752}
	EndGlobalSection
EndGlobal
